
Microsoft Visual Studio Solution File, Format Version 12.00
# Visual Studio Version 17
VisualStudioVersion = 17.11.35219.272
MinimumVisualStudioVersion = 10.0.40219.1
Project("{FAE04EC0-301F-11D3-BF4B-00C04F79EFBC}") = "Cat years Dog years", "Cat years Dog years\Cat years Dog years.csproj", "{4FCA56D7-4869-4ABD-8973-371BB163F2C5}"
EndProject
Global
	GlobalSection(SolutionConfigurationPlatforms) = preSolution
		Debug|Any CPU = Debug|Any CPU
		Release|Any CPU = Release|Any CPU
	EndGlobalSection
	GlobalSection(ProjectConfigurationPlatforms) = postSolution
		{4FCA56D7-4869-4ABD-8973-371BB163F2C5}.Debug|Any CPU.ActiveCfg = Debug|Any CPU
		{4FCA56D7-4869-4ABD-8973-371BB163F2C5}.Debug|Any CPU.Build.0 = Debug|Any CPU
		{4FCA56D7-4869-4ABD-8973-371BB163F2C5}.Release|Any CPU.ActiveCfg = Release|Any CPU
		{4FCA56D7-4869-4ABD-8973-371BB163F2C5}.Release|Any CPU.Build.0 = Release|Any CPU
	EndGlobalSection
	GlobalSection(SolutionProperties) = preSolution
		HideSolutionNode = FALSE
	EndGlobalSection
	GlobalSection(ExtensibilityGlobals) = postSolution
		SolutionGuid = {17CDBF9E-1E54-402C-AE15-F627ADEF3026}
	EndGlobalSection
EndGlobal
